
Microsoft Visual Studio Solution File, Format Version 12.00
# Visual Studio 2013
VisualStudioVersion = 12.0.31101.0
MinimumVisualStudioVersion = 10.0.40219.1
Project("{9092AA53-FB77-4645-B42D-1CCCA6BD08BD}") = "NodejsWebApp7", "NodejsWebApp7\NodejsWebApp7.njsproj", "{731CB96E-A46D-4E28-8882-502AA0E9CDDA}"
EndProject
Global
	GlobalSection(SolutionConfigurationPlatforms) = preSolution
		Debug|Any CPU = Debug|Any CPU
		Release|Any CPU = Release|Any CPU
	EndGlobalSection
	GlobalSection(ProjectConfigurationPlatforms) = postSolution
		{731CB96E-A46D-4E28-8882-502AA0E9CDDA}.Debug|Any CPU.ActiveCfg = Debug|Any CPU
		{731CB96E-A46D-4E28-8882-502AA0E9CDDA}.Debug|Any CPU.Build.0 = Debug|Any CPU
		{731CB96E-A46D-4E28-8882-502AA0E9CDDA}.Release|Any CPU.ActiveCfg = Release|Any CPU
		{731CB96E-A46D-4E28-8882-502AA0E9CDDA}.Release|Any CPU.Build.0 = Release|Any CPU
	EndGlobalSection
	GlobalSection(SolutionProperties) = preSolution
		HideSolutionNode = FALSE
	EndGlobalSection
EndGlobal
